
Microsoft Visual Studio Solution File, Format Version 12.00
# Visual Studio Version 16
VisualStudioVersion = 16.0.30225.117
MinimumVisualStudioVersion = 10.0.40219.1
Project("{FAE04EC0-301F-11D3-BF4B-00C04F79EFBC}") = "form_Students", "form_Students\form_Students.csproj", "{0BB19C98-1093-43CC-B1E1-6F773D6BE15C}"
EndProject
Global
	GlobalSection(SolutionConfigurationPlatforms) = preSolution
		Debug|Any CPU = Debug|Any CPU
		Release|Any CPU = Release|Any CPU
	EndGlobalSection
	GlobalSection(ProjectConfigurationPlatforms) = postSolution
		{0BB19C98-1093-43CC-B1E1-6F773D6BE15C}.Debug|Any CPU.ActiveCfg = Debug|Any CPU
		{0BB19C98-1093-43CC-B1E1-6F773D6BE15C}.Debug|Any CPU.Build.0 = Debug|Any CPU
		{0BB19C98-1093-43CC-B1E1-6F773D6BE15C}.Release|Any CPU.ActiveCfg = Release|Any CPU
		{0BB19C98-1093-43CC-B1E1-6F773D6BE15C}.Release|Any CPU.Build.0 = Release|Any CPU
	EndGlobalSection
	GlobalSection(SolutionProperties) = preSolution
		HideSolutionNode = FALSE
	EndGlobalSection
	GlobalSection(ExtensibilityGlobals) = postSolution
		SolutionGuid = {52FCAA31-D14A-436B-8EA1-CD47A7981ABD}
	EndGlobalSection
EndGlobal
